
Microsoft Visual Studio Solution File, Format Version 12.00
# Visual Studio 15
Project("{FAE04EC0-301F-11D3-BF4B-00C04F79EFBC}") = "TestBindingLibrary", "TestBindingLibrary\TestBindingLibrary.csproj", "{3189846B-9B17-4D3C-B99F-EF160248B6C2}"
EndProject
Project("{FAE04EC0-301F-11D3-BF4B-00C04F79EFBC}") = "TestBindingProject", "TestBindingProject\TestBindingProject.csproj", "{60E1DD06-0DE8-4775-832B-7C2FFE1D212D}"
EndProject
Project("{FAE04EC0-301F-11D3-BF4B-00C04F79EFBC}") = "TestBindingProject.UITests", "TestBindingProject.UITests\TestBindingProject.UITests.csproj", "{5522A1CB-6960-4FB3-8DDF-D35C5668BEE4}"
EndProject
Global
	GlobalSection(SolutionConfigurationPlatforms) = preSolution
		Debug|Any CPU = Debug|Any CPU
		Release|Any CPU = Release|Any CPU
	EndGlobalSection
	GlobalSection(ProjectConfigurationPlatforms) = postSolution
		{3189846B-9B17-4D3C-B99F-EF160248B6C2}.Debug|Any CPU.ActiveCfg = Debug|Any CPU
		{3189846B-9B17-4D3C-B99F-EF160248B6C2}.Debug|Any CPU.Build.0 = Debug|Any CPU
		{3189846B-9B17-4D3C-B99F-EF160248B6C2}.Release|Any CPU.ActiveCfg = Release|Any CPU
		{3189846B-9B17-4D3C-B99F-EF160248B6C2}.Release|Any CPU.Build.0 = Release|Any CPU
		{60E1DD06-0DE8-4775-832B-7C2FFE1D212D}.Debug|Any CPU.ActiveCfg = Debug|Any CPU
		{60E1DD06-0DE8-4775-832B-7C2FFE1D212D}.Debug|Any CPU.Build.0 = Debug|Any CPU
		{60E1DD06-0DE8-4775-832B-7C2FFE1D212D}.Release|Any CPU.ActiveCfg = Release|Any CPU
		{60E1DD06-0DE8-4775-832B-7C2FFE1D212D}.Release|Any CPU.Build.0 = Release|Any CPU
		{5522A1CB-6960-4FB3-8DDF-D35C5668BEE4}.Debug|Any CPU.ActiveCfg = Debug|Any CPU
		{5522A1CB-6960-4FB3-8DDF-D35C5668BEE4}.Debug|Any CPU.Build.0 = Debug|Any CPU
		{5522A1CB-6960-4FB3-8DDF-D35C5668BEE4}.Release|Any CPU.ActiveCfg = Release|Any CPU
		{5522A1CB-6960-4FB3-8DDF-D35C5668BEE4}.Release|Any CPU.Build.0 = Release|Any CPU
	EndGlobalSection
EndGlobal
